{
  "pins" : [
    {
      "identity" : "contentful.swift",
      "kind" : "remoteSourceControl",
      "location" : "https://github.com/contentful/contentful.swift.git",
      "state" : {
        "revision" : "1ac9dd3adece6c8a222af8ab5265bc0f3730fec1",
        "version" : "5.5.5"
      }
    },
    {
      "identity" : "sdwebimage",
      "kind" : "remoteSourceControl",
      "location" : "https://github.com/SDWebImage/SDWebImage.git",
      "state" : {
        "revision" : "b6aa428b7d01a36e7857b09b4acb320ad7ee5170",
        "version" : "5.14.0"
      }
    },
    {
      "identity" : "sdwebimageswiftui",
      "kind" : "remoteSourceControl",
      "location" : "https://github.com/SDWebImage/SDWebImageSwiftUI.git",
      "state" : {
        "revision" : "ed288667c909c89127ab1b690113a3e397af3098",
        "version" : "2.2.1"
      }
    }
  ],
  "version" : 2
}
